
Microsoft Visual Studio Solution File, Format Version 12.00
# Visual Studio Version 16
VisualStudioVersion = 16.0.31229.75
MinimumVisualStudioVersion = 10.0.40219.1
Project("{8BC9CEB8-8B4A-11D0-8D11-00A0C91BC942}") = "Project3", "Project3\Project3.vcxproj", "{49FE6405-1E12-4F49-B727-3E2DD2B7BE4C}"
EndProject
Global
	GlobalSection(SolutionConfigurationPlatforms) = preSolution
		Debug|x64 = Debug|x64
		Debug|x86 = Debug|x86
		Release|x64 = Release|x64
		Release|x86 = Release|x86
	EndGlobalSection
	GlobalSection(ProjectConfigurationPlatforms) = postSolution
		{49FE6405-1E12-4F49-B727-3E2DD2B7BE4C}.Debug|x64.ActiveCfg = Debug|x64
		{49FE6405-1E12-4F49-B727-3E2DD2B7BE4C}.Debug|x64.Build.0 = Debug|x64
		{49FE6405-1E12-4F49-B727-3E2DD2B7BE4C}.Debug|x86.ActiveCfg = Debug|Win32
		{49FE6405-1E12-4F49-B727-3E2DD2B7BE4C}.Debug|x86.Build.0 = Debug|Win32
		{49FE6405-1E12-4F49-B727-3E2DD2B7BE4C}.Release|x64.ActiveCfg = Release|x64
		{49FE6405-1E12-4F49-B727-3E2DD2B7BE4C}.Release|x64.Build.0 = Release|x64
		{49FE6405-1E12-4F49-B727-3E2DD2B7BE4C}.Release|x86.ActiveCfg = Release|Win32
		{49FE6405-1E12-4F49-B727-3E2DD2B7BE4C}.Release|x86.Build.0 = Release|Win32
	EndGlobalSection
	GlobalSection(SolutionProperties) = preSolution
		HideSolutionNode = FALSE
	EndGlobalSection
	GlobalSection(ExtensibilityGlobals) = postSolution
		SolutionGuid = {E545A397-D735-4542-BFA1-7D1D687608A2}
	EndGlobalSection
EndGlobal
